
Microsoft Visual Studio Solution File, Format Version 12.00
# Visual Studio Version 17
VisualStudioVersion = 17.11.35312.102
MinimumVisualStudioVersion = 10.0.40219.1
Project("{FAE04EC0-301F-11D3-BF4B-00C04F79EFBC}") = "PruebaTecnicaFacundoTobioBack", "PruebaTecnicaFacundoTobioBack.csproj", "{098F464F-5756-4029-B38F-49C7701C4B36}"
EndProject
Global
	GlobalSection(SolutionConfigurationPlatforms) = preSolution
		Debug|Any CPU = Debug|Any CPU
		Release|Any CPU = Release|Any CPU
	EndGlobalSection
	GlobalSection(ProjectConfigurationPlatforms) = postSolution
		{098F464F-5756-4029-B38F-49C7701C4B36}.Debug|Any CPU.ActiveCfg = Debug|Any CPU
		{098F464F-5756-4029-B38F-49C7701C4B36}.Debug|Any CPU.Build.0 = Debug|Any CPU
		{098F464F-5756-4029-B38F-49C7701C4B36}.Release|Any CPU.ActiveCfg = Release|Any CPU
		{098F464F-5756-4029-B38F-49C7701C4B36}.Release|Any CPU.Build.0 = Release|Any CPU
	EndGlobalSection
	GlobalSection(SolutionProperties) = preSolution
		HideSolutionNode = FALSE
	EndGlobalSection
	GlobalSection(ExtensibilityGlobals) = postSolution
		SolutionGuid = {EC5E0D49-9B61-4505-874E-C7C7984AFFF0}
	EndGlobalSection
EndGlobal
